// !$*UTF8*$!
{
	archiveVersion = 1;
	classes = {
	};
	objectVersion = 46;
	objects = {

/* Begin PBXBuildFile section */
		142AE6D71DA9B858006DEC65 /* CXFramework.h in Headers */ = {isa = PBXBuildFile; fileRef = 142AE6D51DA9B858006DEC65 /* CXFramework.h */; settings = {ATTRIBUTES = (Public, ); }; };
		144E31501E5E4573009FE658 /* CX+UILabel.swift in Sources */ = {isa = PBXBuildFile; fileRef = 144E314F1E5E4573009FE658 /* CX+UILabel.swift */; };
		144E31521E5E45CC009FE658 /* CX+UITextView.swift in Sources */ = {isa = PBXBuildFile; fileRef = 144E31511E5E45CC009FE658 /* CX+UITextView.swift */; };
		144E31551E5E460A009FE658 /* CX+CALayer.swift in Sources */ = {isa = PBXBuildFile; fileRef = 144E31541E5E460A009FE658 /* CX+CALayer.swift */; };
		144E31571E5E4921009FE658 /* CXUtility.swift in Sources */ = {isa = PBXBuildFile; fileRef = 144E31561E5E4921009FE658 /* CXUtility.swift */; };
		144E31591E5E49A8009FE658 /* CX+NSObject.swift in Sources */ = {isa = PBXBuildFile; fileRef = 144E31581E5E49A8009FE658 /* CX+NSObject.swift */; };
		146C8DC01ECB712A00A8D56C /* CX+String.swift in Sources */ = {isa = PBXBuildFile; fileRef = 146C8DBF1ECB712A00A8D56C /* CX+String.swift */; };
		146C8DC21ECB717600A8D56C /* CX+IUTextField.swift in Sources */ = {isa = PBXBuildFile; fileRef = 146C8DC11ECB717600A8D56C /* CX+IUTextField.swift */; };
		14846D2A1EE1C7F2008FFCBE /* CX+MKMapView.swift in Sources */ = {isa = PBXBuildFile; fileRef = 14846D291EE1C7F2008FFCBE /* CX+MKMapView.swift */; };
		14846D331EE1CBFB008FFCBE /* CXDeviceType.swift in Sources */ = {isa = PBXBuildFile; fileRef = 14846D321EE1CBFB008FFCBE /* CXDeviceType.swift */; };
		14846D351EE1CC30008FFCBE /* CXScreenSize.swift in Sources */ = {isa = PBXBuildFile; fileRef = 14846D341EE1CC30008FFCBE /* CXScreenSize.swift */; };
		149711C61E490D0F00F60AFD /* CX+UIApplication.swift in Sources */ = {isa = PBXBuildFile; fileRef = 149711C51E490D0F00F60AFD /* CX+UIApplication.swift */; };
		149774C71E359AB100D4D1B1 /* GenericFormVC.swift in Sources */ = {isa = PBXBuildFile; fileRef = 149774C61E359AB100D4D1B1 /* GenericFormVC.swift */; };
		149774E11E359B0600D4D1B1 /* LoadingView.swift in Sources */ = {isa = PBXBuildFile; fileRef = 149774E01E359B0600D4D1B1 /* LoadingView.swift */; };
		14D539A11EBFFD4D00DE6D38 /* CX+UITableView.swift in Sources */ = {isa = PBXBuildFile; fileRef = 14D539A01EBFFD4C00DE6D38 /* CX+UITableView.swift */; };
		14E64B5A1DA9CDB4005194F8 /* CXDataStorage.swift in Sources */ = {isa = PBXBuildFile; fileRef = 14E64B481DA9CDB4005194F8 /* CXDataStorage.swift */; };
		14E64B5B1DA9CDB4005194F8 /* CXMail.swift in Sources */ = {isa = PBXBuildFile; fileRef = 14E64B491DA9CDB4005194F8 /* CXMail.swift */; };
		14E64B5C1DA9CDB4005194F8 /* CXMap.swift in Sources */ = {isa = PBXBuildFile; fileRef = 14E64B4A1DA9CDB4005194F8 /* CXMap.swift */; };
		14E64B5D1DA9CDB4005194F8 /* CXPhone.swift in Sources */ = {isa = PBXBuildFile; fileRef = 14E64B4B1DA9CDB4005194F8 /* CXPhone.swift */; };
		14E64B5F1DA9CDB4005194F8 /* CXDownloadInformer.swift in Sources */ = {isa = PBXBuildFile; fileRef = 14E64B4E1DA9CDB4005194F8 /* CXDownloadInformer.swift */; };
		14E64B601DA9CDB4005194F8 /* CXFileDownloader.swift in Sources */ = {isa = PBXBuildFile; fileRef = 14E64B4F1DA9CDB4005194F8 /* CXFileDownloader.swift */; };
		14E64B611DA9CDB4005194F8 /* CXFileDownloaderDataSource.swift in Sources */ = {isa = PBXBuildFile; fileRef = 14E64B501DA9CDB4005194F8 /* CXFileDownloaderDataSource.swift */; };
		14E64B621DA9CDB4005194F8 /* CXFileDownloaderDelegate.swift in Sources */ = {isa = PBXBuildFile; fileRef = 14E64B511DA9CDB4005194F8 /* CXFileDownloaderDelegate.swift */; };
		14E64B631DA9CDB4005194F8 /* CXFileDownloadInfo.swift in Sources */ = {isa = PBXBuildFile; fileRef = 14E64B521DA9CDB4005194F8 /* CXFileDownloadInfo.swift */; };
		14E64B651DA9CDB4005194F8 /* SocialNetwork.swift in Sources */ = {isa = PBXBuildFile; fileRef = 14E64B551DA9CDB4005194F8 /* SocialNetwork.swift */; };
		14E64B661DA9CDB4005194F8 /* CX+MKPointAnnotation.swift in Sources */ = {isa = PBXBuildFile; fileRef = 14E64B571DA9CDB4005194F8 /* CX+MKPointAnnotation.swift */; };
		14E64B671DA9CDB4005194F8 /* CX+UIViewController.swift in Sources */ = {isa = PBXBuildFile; fileRef = 14E64B581DA9CDB4005194F8 /* CX+UIViewController.swift */; };
		14E64B681DA9CDB4005194F8 /* CX+URL.swift in Sources */ = {isa = PBXBuildFile; fileRef = 14E64B591DA9CDB4005194F8 /* CX+URL.swift */; };
		14E64B6A1DA9CE94005194F8 /* CXVideo.swift in Sources */ = {isa = PBXBuildFile; fileRef = 14E64B691DA9CE94005194F8 /* CXVideo.swift */; };
		14E7DC4C1E2C446400E5D5E5 /* CX+UIImage.swift in Sources */ = {isa = PBXBuildFile; fileRef = 14E7DC4B1E2C446400E5D5E5 /* CX+UIImage.swift */; };
		14E8548A1E54D1060048EF4F /* CX+UIColor.swift in Sources */ = {isa = PBXBuildFile; fileRef = 14E854891E54D1060048EF4F /* CX+UIColor.swift */; };
		14E8548C1E54D88A0048EF4F /* CX+UIView.swift in Sources */ = {isa = PBXBuildFile; fileRef = 14E8548B1E54D88A0048EF4F /* CX+UIView.swift */; };
		14E8548E1E54DD7E0048EF4F /* CX+Date.swift in Sources */ = {isa = PBXBuildFile; fileRef = 14E8548D1E54DD7E0048EF4F /* CX+Date.swift */; };
		14F835C21EC8E2AC006D4AB8 /* CX+UICollectionView.swift in Sources */ = {isa = PBXBuildFile; fileRef = 14F835C11EC8E2AC006D4AB8 /* CX+UICollectionView.swift */; };
/* End PBXBuildFile section */

/* Begin PBXFileReference section */
		142AE6D21DA9B858006DEC65 /* CXFramework.framework */ = {isa = PBXFileReference; explicitFileType = wrapper.framework; includeInIndex = 0; path = CXFramework.framework; sourceTree = BUILT_PRODUCTS_DIR; };
		142AE6D51DA9B858006DEC65 /* CXFramework.h */ = {isa = PBXFileReference; lastKnownFileType = sourcecode.c.h; path = CXFramework.h; sourceTree = "<group>"; };
		142AE6D61DA9B858006DEC65 /* Info.plist */ = {isa = PBXFileReference; lastKnownFileType = text.plist.xml; path = Info.plist; sourceTree = "<group>"; };
		144E314F1E5E4573009FE658 /* CX+UILabel.swift */ = {isa = PBXFileReference; fileEncoding = 4; lastKnownFileType = sourcecode.swift; path = "CX+UILabel.swift"; sourceTree = "<group>"; };
		144E31511E5E45CC009FE658 /* CX+UITextView.swift */ = {isa = PBXFileReference; fileEncoding = 4; lastKnownFileType = sourcecode.swift; path = "CX+UITextView.swift"; sourceTree = "<group>"; };
		144E31541E5E460A009FE658 /* CX+CALayer.swift */ = {isa = PBXFileReference; fileEncoding = 4; lastKnownFileType = sourcecode.swift; path = "CX+CALayer.swift"; sourceTree = "<group>"; };
		144E31561E5E4921009FE658 /* CXUtility.swift */ = {isa = PBXFileReference; fileEncoding = 4; lastKnownFileType = sourcecode.swift; path = CXUtility.swift; sourceTree = "<group>"; };
		144E31581E5E49A8009FE658 /* CX+NSObject.swift */ = {isa = PBXFileReference; fileEncoding = 4; lastKnownFileType = sourcecode.swift; path = "CX+NSObject.swift"; sourceTree = "<group>"; };
		146C8DBF1ECB712A00A8D56C /* CX+String.swift */ = {isa = PBXFileReference; fileEncoding = 4; lastKnownFileType = sourcecode.swift; path = "CX+String.swift"; sourceTree = "<group>"; };
		146C8DC11ECB717600A8D56C /* CX+IUTextField.swift */ = {isa = PBXFileReference; fileEncoding = 4; lastKnownFileType = sourcecode.swift; path = "CX+IUTextField.swift"; sourceTree = "<group>"; };
		14846D291EE1C7F2008FFCBE /* CX+MKMapView.swift */ = {isa = PBXFileReference; fileEncoding = 4; lastKnownFileType = sourcecode.swift; path = "CX+MKMapView.swift"; sourceTree = "<group>"; };
		14846D321EE1CBFB008FFCBE /* CXDeviceType.swift */ = {isa = PBXFileReference; fileEncoding = 4; lastKnownFileType = sourcecode.swift; path = CXDeviceType.swift; sourceTree = "<group>"; };
		14846D341EE1CC30008FFCBE /* CXScreenSize.swift */ = {isa = PBXFileReference; fileEncoding = 4; lastKnownFileType = sourcecode.swift; path = CXScreenSize.swift; sourceTree = "<group>"; };
		149711C51E490D0F00F60AFD /* CX+UIApplication.swift */ = {isa = PBXFileReference; fileEncoding = 4; lastKnownFileType = sourcecode.swift; path = "CX+UIApplication.swift"; sourceTree = "<group>"; };
		149774C61E359AB100D4D1B1 /* GenericFormVC.swift */ = {isa = PBXFileReference; fileEncoding = 4; lastKnownFileType = sourcecode.swift; path = GenericFormVC.swift; sourceTree = "<group>"; };
		149774E01E359B0600D4D1B1 /* LoadingView.swift */ = {isa = PBXFileReference; fileEncoding = 4; lastKnownFileType = sourcecode.swift; path = LoadingView.swift; sourceTree = "<group>"; };
		14D539A01EBFFD4C00DE6D38 /* CX+UITableView.swift */ = {isa = PBXFileReference; fileEncoding = 4; lastKnownFileType = sourcecode.swift; path = "CX+UITableView.swift"; sourceTree = "<group>"; };
		14E64B481DA9CDB4005194F8 /* CXDataStorage.swift */ = {isa = PBXFileReference; fileEncoding = 4; lastKnownFileType = sourcecode.swift; path = CXDataStorage.swift; sourceTree = "<group>"; };
		14E64B491DA9CDB4005194F8 /* CXMail.swift */ = {isa = PBXFileReference; fileEncoding = 4; lastKnownFileType = sourcecode.swift; path = CXMail.swift; sourceTree = "<group>"; };
		14E64B4A1DA9CDB4005194F8 /* CXMap.swift */ = {isa = PBXFileReference; fileEncoding = 4; lastKnownFileType = sourcecode.swift; path = CXMap.swift; sourceTree = "<group>"; };
		14E64B4B1DA9CDB4005194F8 /* CXPhone.swift */ = {isa = PBXFileReference; fileEncoding = 4; lastKnownFileType = sourcecode.swift; path = CXPhone.swift; sourceTree = "<group>"; };
		14E64B4E1DA9CDB4005194F8 /* CXDownloadInformer.swift */ = {isa = PBXFileReference; fileEncoding = 4; lastKnownFileType = sourcecode.swift; path = CXDownloadInformer.swift; sourceTree = "<group>"; };
		14E64B4F1DA9CDB4005194F8 /* CXFileDownloader.swift */ = {isa = PBXFileReference; fileEncoding = 4; lastKnownFileType = sourcecode.swift; path = CXFileDownloader.swift; sourceTree = "<group>"; };
		14E64B501DA9CDB4005194F8 /* CXFileDownloaderDataSource.swift */ = {isa = PBXFileReference; fileEncoding = 4; lastKnownFileType = sourcecode.swift; path = CXFileDownloaderDataSource.swift; sourceTree = "<group>"; };
		14E64B511DA9CDB4005194F8 /* CXFileDownloaderDelegate.swift */ = {isa = PBXFileReference; fileEncoding = 4; lastKnownFileType = sourcecode.swift; path = CXFileDownloaderDelegate.swift; sourceTree = "<group>"; };
		14E64B521DA9CDB4005194F8 /* CXFileDownloadInfo.swift */ = {isa = PBXFileReference; fileEncoding = 4; lastKnownFileType = sourcecode.swift; path = CXFileDownloadInfo.swift; sourceTree = "<group>"; };
		14E64B551DA9CDB4005194F8 /* SocialNetwork.swift */ = {isa = PBXFileReference; fileEncoding = 4; lastKnownFileType = sourcecode.swift; path = SocialNetwork.swift; sourceTree = "<group>"; };
		14E64B571DA9CDB4005194F8 /* CX+MKPointAnnotation.swift */ = {isa = PBXFileReference; fileEncoding = 4; lastKnownFileType = sourcecode.swift; path = "CX+MKPointAnnotation.swift"; sourceTree = "<group>"; };
		14E64B581DA9CDB4005194F8 /* CX+UIViewController.swift */ = {isa = PBXFileReference; fileEncoding = 4; lastKnownFileType = sourcecode.swift; path = "CX+UIViewController.swift"; sourceTree = "<group>"; };
		14E64B591DA9CDB4005194F8 /* CX+URL.swift */ = {isa = PBXFileReference; fileEncoding = 4; lastKnownFileType = sourcecode.swift; path = "CX+URL.swift"; sourceTree = "<group>"; };
		14E64B691DA9CE94005194F8 /* CXVideo.swift */ = {isa = PBXFileReference; fileEncoding = 4; lastKnownFileType = sourcecode.swift; path = CXVideo.swift; sourceTree = "<group>"; };
		14E7DC4B1E2C446400E5D5E5 /* CX+UIImage.swift */ = {isa = PBXFileReference; fileEncoding = 4; lastKnownFileType = sourcecode.swift; path = "CX+UIImage.swift"; sourceTree = "<group>"; };
		14E854891E54D1060048EF4F /* CX+UIColor.swift */ = {isa = PBXFileReference; fileEncoding = 4; lastKnownFileType = sourcecode.swift; path = "CX+UIColor.swift"; sourceTree = "<group>"; };
		14E8548B1E54D88A0048EF4F /* CX+UIView.swift */ = {isa = PBXFileReference; fileEncoding = 4; lastKnownFileType = sourcecode.swift; path = "CX+UIView.swift"; sourceTree = "<group>"; };
		14E8548D1E54DD7E0048EF4F /* CX+Date.swift */ = {isa = PBXFileReference; fileEncoding = 4; lastKnownFileType = sourcecode.swift; path = "CX+Date.swift"; sourceTree = "<group>"; };
		14F835C11EC8E2AC006D4AB8 /* CX+UICollectionView.swift */ = {isa = PBXFileReference; fileEncoding = 4; lastKnownFileType = sourcecode.swift; path = "CX+UICollectionView.swift"; sourceTree = "<group>"; };
/* End PBXFileReference section */

/* Begin PBXFrameworksBuildPhase section */
		142AE6CE1DA9B858006DEC65 /* Frameworks */ = {
			isa = PBXFrameworksBuildPhase;
			buildActionMask = 2147483647;
			files = (
			);
			runOnlyForDeploymentPostprocessing = 0;
		};
/* End PBXFrameworksBuildPhase section */

/* Begin PBXGroup section */
		142AE6C81DA9B858006DEC65 = {
			isa = PBXGroup;
			children = (
				142AE6D41DA9B858006DEC65 /* CXFramework */,
				142AE6D31DA9B858006DEC65 /* Products */,
			);
			sourceTree = "<group>";
		};
		142AE6D31DA9B858006DEC65 /* Products */ = {
			isa = PBXGroup;
			children = (
				142AE6D21DA9B858006DEC65 /* CXFramework.framework */,
			);
			name = Products;
			sourceTree = "<group>";
		};
		142AE6D41DA9B858006DEC65 /* CXFramework */ = {
			isa = PBXGroup;
			children = (
				14846D301EE1CBFB008FFCBE /* Structs */,
				149774DF1E359B0600D4D1B1 /* Utils */,
				14E64B471DA9CDB4005194F8 /* Classes */,
				14E64B541DA9CDB4005194F8 /* Enum */,
				14E64B561DA9CDB4005194F8 /* Extension */,
				142AE6D51DA9B858006DEC65 /* CXFramework.h */,
				142AE6D61DA9B858006DEC65 /* Info.plist */,
			);
			path = CXFramework;
			sourceTree = "<group>";
		};
		14846D301EE1CBFB008FFCBE /* Structs */ = {
			isa = PBXGroup;
			children = (
				14846D311EE1CBFB008FFCBE /* Config */,
			);
			path = Structs;
			sourceTree = "<group>";
		};
		14846D311EE1CBFB008FFCBE /* Config */ = {
			isa = PBXGroup;
			children = (
				14846D321EE1CBFB008FFCBE /* CXDeviceType.swift */,
				14846D341EE1CC30008FFCBE /* CXScreenSize.swift */,
			);
			path = Config;
			sourceTree = "<group>";
		};
		149774DF1E359B0600D4D1B1 /* Utils */ = {
			isa = PBXGroup;
			children = (
				149774E01E359B0600D4D1B1 /* LoadingView.swift */,
				144E31561E5E4921009FE658 /* CXUtility.swift */,
			);
			path = Utils;
			sourceTree = "<group>";
		};
		14E64B471DA9CDB4005194F8 /* Classes */ = {
			isa = PBXGroup;
			children = (
				149774C61E359AB100D4D1B1 /* GenericFormVC.swift */,
				14E64B691DA9CE94005194F8 /* CXVideo.swift */,
				14E64B481DA9CDB4005194F8 /* CXDataStorage.swift */,
				14E64B491DA9CDB4005194F8 /* CXMail.swift */,
				14E64B4A1DA9CDB4005194F8 /* CXMap.swift */,
				14E64B4B1DA9CDB4005194F8 /* CXPhone.swift */,
				14E64B4D1DA9CDB4005194F8 /* Download */,
			);
			path = Classes;
			sourceTree = "<group>";
		};
		14E64B4D1DA9CDB4005194F8 /* Download */ = {
			isa = PBXGroup;
			children = (
				14E64B4E1DA9CDB4005194F8 /* CXDownloadInformer.swift */,
				14E64B4F1DA9CDB4005194F8 /* CXFileDownloader.swift */,
				14E64B501DA9CDB4005194F8 /* CXFileDownloaderDataSource.swift */,
				14E64B511DA9CDB4005194F8 /* CXFileDownloaderDelegate.swift */,
				14E64B521DA9CDB4005194F8 /* CXFileDownloadInfo.swift */,
			);
			path = Download;
			sourceTree = "<group>";
		};
		14E64B541DA9CDB4005194F8 /* Enum */ = {
			isa = PBXGroup;
			children = (
				14E64B551DA9CDB4005194F8 /* SocialNetwork.swift */,
			);
			path = Enum;
			sourceTree = "<group>";
		};
		14E64B561DA9CDB4005194F8 /* Extension */ = {
			isa = PBXGroup;
			children = (
				14E7DC4B1E2C446400E5D5E5 /* CX+UIImage.swift */,
				14E64B571DA9CDB4005194F8 /* CX+MKPointAnnotation.swift */,
				14E64B591DA9CDB4005194F8 /* CX+URL.swift */,
				14E64B581DA9CDB4005194F8 /* CX+UIViewController.swift */,
				149711C51E490D0F00F60AFD /* CX+UIApplication.swift */,
				14E854891E54D1060048EF4F /* CX+UIColor.swift */,
				14E8548B1E54D88A0048EF4F /* CX+UIView.swift */,
				14E8548D1E54DD7E0048EF4F /* CX+Date.swift */,
				144E314F1E5E4573009FE658 /* CX+UILabel.swift */,
				144E31511E5E45CC009FE658 /* CX+UITextView.swift */,
				146C8DC11ECB717600A8D56C /* CX+IUTextField.swift */,
				144E31541E5E460A009FE658 /* CX+CALayer.swift */,
				144E31581E5E49A8009FE658 /* CX+NSObject.swift */,
				14D539A01EBFFD4C00DE6D38 /* CX+UITableView.swift */,
				14F835C11EC8E2AC006D4AB8 /* CX+UICollectionView.swift */,
				146C8DBF1ECB712A00A8D56C /* CX+String.swift */,
				14846D291EE1C7F2008FFCBE /* CX+MKMapView.swift */,
			);
			path = Extension;
			sourceTree = "<group>";
		};
/* End PBXGroup section */

/* Begin PBXHeadersBuildPhase section */
		142AE6CF1DA9B858006DEC65 /* Headers */ = {
			isa = PBXHeadersBuildPhase;
			buildActionMask = 2147483647;
			files = (
				142AE6D71DA9B858006DEC65 /* CXFramework.h in Headers */,
			);
			runOnlyForDeploymentPostprocessing = 0;
		};
/* End PBXHeadersBuildPhase section */

/* Begin PBXNativeTarget section */
		142AE6D11DA9B858006DEC65 /* CXFramework */ = {
			isa = PBXNativeTarget;
			buildConfigurationList = 142AE6DA1DA9B858006DEC65 /* Build configuration list for PBXNativeTarget "CXFramework" */;
			buildPhases = (
				142AE6CD1DA9B858006DEC65 /* Sources */,
				142AE6CE1DA9B858006DEC65 /* Frameworks */,
				142AE6CF1DA9B858006DEC65 /* Headers */,
				142AE6D01DA9B858006DEC65 /* Resources */,
			);
			buildRules = (
			);
			dependencies = (
			);
			name = CXFramework;
			productName = CXFramework;
			productReference = 142AE6D21DA9B858006DEC65 /* CXFramework.framework */;
			productType = "com.apple.product-type.framework";
		};
/* End PBXNativeTarget section */

/* Begin PBXProject section */
		142AE6C91DA9B858006DEC65 /* Project object */ = {
			isa = PBXProject;
			attributes = {
				LastUpgradeCheck = 0820;
				ORGANIZATIONNAME = "Mauricio Conde Xinastle";
				TargetAttributes = {
					142AE6D11DA9B858006DEC65 = {
						CreatedOnToolsVersion = 8.0;
						DevelopmentTeam = WTWX7KL654;
						LastSwiftMigration = 1010;
						ProvisioningStyle = Automatic;
					};
				};
			};
			buildConfigurationList = 142AE6CC1DA9B858006DEC65 /* Build configuration list for PBXProject "CXFramework" */;
			compatibilityVersion = "Xcode 3.2";
			developmentRegion = English;
			hasScannedForEncodings = 0;
			knownRegions = (
				en,
			);
			mainGroup = 142AE6C81DA9B858006DEC65;
			productRefGroup = 142AE6D31DA9B858006DEC65 /* Products */;
			projectDirPath = "";
			projectRoot = "";
			targets = (
				142AE6D11DA9B858006DEC65 /* CXFramework */,
			);
		};
/* End PBXProject section */

/* Begin PBXResourcesBuildPhase section */
		142AE6D01DA9B858006DEC65 /* Resources */ = {
			isa = PBXResourcesBuildPhase;
			buildActionMask = 2147483647;
			files = (
			);
			runOnlyForDeploymentPostprocessing = 0;
		};
/* End PBXResourcesBuildPhase section */

/* Begin PBXSourcesBuildPhase section */
		142AE6CD1DA9B858006DEC65 /* Sources */ = {
			isa = PBXSourcesBuildPhase;
			buildActionMask = 2147483647;
			files = (
				14E7DC4C1E2C446400E5D5E5 /* CX+UIImage.swift in Sources */,
				149711C61E490D0F00F60AFD /* CX+UIApplication.swift in Sources */,
				144E31551E5E460A009FE658 /* CX+CALayer.swift in Sources */,
				14F835C21EC8E2AC006D4AB8 /* CX+UICollectionView.swift in Sources */,
				14E64B5B1DA9CDB4005194F8 /* CXMail.swift in Sources */,
				14E64B5A1DA9CDB4005194F8 /* CXDataStorage.swift in Sources */,
				14E64B651DA9CDB4005194F8 /* SocialNetwork.swift in Sources */,
				149774E11E359B0600D4D1B1 /* LoadingView.swift in Sources */,
				14E64B611DA9CDB4005194F8 /* CXFileDownloaderDataSource.swift in Sources */,
				14E64B671DA9CDB4005194F8 /* CX+UIViewController.swift in Sources */,
				14E64B601DA9CDB4005194F8 /* CXFileDownloader.swift in Sources */,
				14E8548C1E54D88A0048EF4F /* CX+UIView.swift in Sources */,
				14E64B631DA9CDB4005194F8 /* CXFileDownloadInfo.swift in Sources */,
				144E31571E5E4921009FE658 /* CXUtility.swift in Sources */,
				14D539A11EBFFD4D00DE6D38 /* CX+UITableView.swift in Sources */,
				149774C71E359AB100D4D1B1 /* GenericFormVC.swift in Sources */,
				14E64B621DA9CDB4005194F8 /* CXFileDownloaderDelegate.swift in Sources */,
				14E64B5C1DA9CDB4005194F8 /* CXMap.swift in Sources */,
				14846D351EE1CC30008FFCBE /* CXScreenSize.swift in Sources */,
				14E64B5D1DA9CDB4005194F8 /* CXPhone.swift in Sources */,
				14E8548E1E54DD7E0048EF4F /* CX+Date.swift in Sources */,
				14E8548A1E54D1060048EF4F /* CX+UIColor.swift in Sources */,
				14E64B661DA9CDB4005194F8 /* CX+MKPointAnnotation.swift in Sources */,
				14E64B681DA9CDB4005194F8 /* CX+URL.swift in Sources */,
				144E31521E5E45CC009FE658 /* CX+UITextView.swift in Sources */,
				14E64B6A1DA9CE94005194F8 /* CXVideo.swift in Sources */,
				14E64B5F1DA9CDB4005194F8 /* CXDownloadInformer.swift in Sources */,
				14846D331EE1CBFB008FFCBE /* CXDeviceType.swift in Sources */,
				146C8DC01ECB712A00A8D56C /* CX+String.swift in Sources */,
				14846D2A1EE1C7F2008FFCBE /* CX+MKMapView.swift in Sources */,
				144E31591E5E49A8009FE658 /* CX+NSObject.swift in Sources */,
				146C8DC21ECB717600A8D56C /* CX+IUTextField.swift in Sources */,
				144E31501E5E4573009FE658 /* CX+UILabel.swift in Sources */,
			);
			runOnlyForDeploymentPostprocessing = 0;
		};
/* End PBXSourcesBuildPhase section */

/* Begin XCBuildConfiguration section */
		142AE6D81DA9B858006DEC65 /* Debug */ = {
			isa = XCBuildConfiguration;
			buildSettings = {
				ALWAYS_SEARCH_USER_PATHS = NO;
				CLANG_ANALYZER_NONNULL = YES;
				CLANG_CXX_LANGUAGE_STANDARD = "gnu++0x";
				CLANG_CXX_LIBRARY = "libc++";
				CLANG_ENABLE_MODULES = YES;
				CLANG_ENABLE_OBJC_ARC = YES;
				CLANG_WARN_BOOL_CONVERSION = YES;
				CLANG_WARN_CONSTANT_CONVERSION = YES;
				CLANG_WARN_DIRECT_OBJC_ISA_USAGE = YES_ERROR;
				CLANG_WARN_DOCUMENTATION_COMMENTS = YES;
				CLANG_WARN_EMPTY_BODY = YES;
				CLANG_WARN_ENUM_CONVERSION = YES;
				CLANG_WARN_INFINITE_RECURSION = YES;
				CLANG_WARN_INT_CONVERSION = YES;
				CLANG_WARN_OBJC_ROOT_CLASS = YES_ERROR;
				CLANG_WARN_SUSPICIOUS_MOVE = YES;
				CLANG_WARN_SUSPICIOUS_MOVES = YES;
				CLANG_WARN_UNREACHABLE_CODE = YES;
				CLANG_WARN__DUPLICATE_METHOD_MATCH = YES;
				"CODE_SIGN_IDENTITY[sdk=iphoneos*]" = "iPhone Developer";
				COPY_PHASE_STRIP = NO;
				CURRENT_PROJECT_VERSION = 1;
				DEBUG_INFORMATION_FORMAT = dwarf;
				ENABLE_STRICT_OBJC_MSGSEND = YES;
				ENABLE_TESTABILITY = YES;
				GCC_C_LANGUAGE_STANDARD = gnu99;
				GCC_DYNAMIC_NO_PIC = NO;
				GCC_NO_COMMON_BLOCKS = YES;
				GCC_OPTIMIZATION_LEVEL = 0;
				GCC_PREPROCESSOR_DEFINITIONS = (
					"DEBUG=1",
					"$(inherited)",
				);
				GCC_WARN_64_TO_32_BIT_CONVERSION = YES;
				GCC_WARN_ABOUT_RETURN_TYPE = YES_ERROR;
				GCC_WARN_UNDECLARED_SELECTOR = YES;
				GCC_WARN_UNINITIALIZED_AUTOS = YES_AGGRESSIVE;
				GCC_WARN_UNUSED_FUNCTION = YES;
				GCC_WARN_UNUSED_VARIABLE = YES;
				IPHONEOS_DEPLOYMENT_TARGET = 9.3;
				MTL_ENABLE_DEBUG_INFO = YES;
				ONLY_ACTIVE_ARCH = YES;
				SDKROOT = iphoneos;
				SWIFT_ACTIVE_COMPILATION_CONDITIONS = DEBUG;
				SWIFT_OPTIMIZATION_LEVEL = "-Onone";
				TARGETED_DEVICE_FAMILY = "1,2";
				VERSIONING_SYSTEM = "apple-generic";
				VERSION_INFO_PREFIX = "";
			};
			name = Debug;
		};
		142AE6D91DA9B858006DEC65 /* Release */ = {
			isa = XCBuildConfiguration;
			buildSettings = {
				ALWAYS_SEARCH_USER_PATHS = NO;
				CLANG_ANALYZER_NONNULL = YES;
				CLANG_CXX_LANGUAGE_STANDARD = "gnu++0x";
				CLANG_CXX_LIBRARY = "libc++";
				CLANG_ENABLE_MODULES = YES;
				CLANG_ENABLE_OBJC_ARC = YES;
				CLANG_WARN_BOOL_CONVERSION = YES;
				CLANG_WARN_CONSTANT_CONVERSION = YES;
				CLANG_WARN_DIRECT_OBJC_ISA_USAGE = YES_ERROR;
				CLANG_WARN_DOCUMENTATION_COMMENTS = YES;
				CLANG_WARN_EMPTY_BODY = YES;
				CLANG_WARN_ENUM_CONVERSION = YES;
				CLANG_WARN_INFINITE_RECURSION = YES;
				CLANG_WARN_INT_CONVERSION = YES;
				CLANG_WARN_OBJC_ROOT_CLASS = YES_ERROR;
				CLANG_WARN_SUSPICIOUS_MOVE = YES;
				CLANG_WARN_SUSPICIOUS_MOVES = YES;
				CLANG_WARN_UNREACHABLE_CODE = YES;
				CLANG_WARN__DUPLICATE_METHOD_MATCH = YES;
				"CODE_SIGN_IDENTITY[sdk=iphoneos*]" = "iPhone Developer";
				COPY_PHASE_STRIP = NO;
				CURRENT_PROJECT_VERSION = 1;
				DEBUG_INFORMATION_FORMAT = "dwarf-with-dsym";
				ENABLE_NS_ASSERTIONS = NO;
				ENABLE_STRICT_OBJC_MSGSEND = YES;
				GCC_C_LANGUAGE_STANDARD = gnu99;
				GCC_NO_COMMON_BLOCKS = YES;
				GCC_WARN_64_TO_32_BIT_CONVERSION = YES;
				GCC_WARN_ABOUT_RETURN_TYPE = YES_ERROR;
				GCC_WARN_UNDECLARED_SELECTOR = YES;
				GCC_WARN_UNINITIALIZED_AUTOS = YES_AGGRESSIVE;
				GCC_WARN_UNUSED_FUNCTION = YES;
				GCC_WARN_UNUSED_VARIABLE = YES;
				IPHONEOS_DEPLOYMENT_TARGET = 9.3;
				MTL_ENABLE_DEBUG_INFO = NO;
				SDKROOT = iphoneos;
				SWIFT_OPTIMIZATION_LEVEL = "-Owholemodule";
				TARGETED_DEVICE_FAMILY = "1,2";
				VALIDATE_PRODUCT = YES;
				VERSIONING_SYSTEM = "apple-generic";
				VERSION_INFO_PREFIX = "";
			};
			name = Release;
		};
		142AE6DB1DA9B858006DEC65 /* Debug */ = {
			isa = XCBuildConfiguration;
			buildSettings = {
				CLANG_ENABLE_MODULES = YES;
				CODE_SIGN_IDENTITY = "";
				DEFINES_MODULE = YES;
				DEVELOPMENT_TEAM = WTWX7KL654;
				DYLIB_COMPATIBILITY_VERSION = 1;
				DYLIB_CURRENT_VERSION = 1;
				DYLIB_INSTALL_NAME_BASE = "@rpath";
				INFOPLIST_FILE = CXFramework/Info.plist;
				INSTALL_PATH = "$(LOCAL_LIBRARY_DIR)/Frameworks";
				LD_RUNPATH_SEARCH_PATHS = "$(inherited) @executable_path/Frameworks @loader_path/Frameworks";
				PRODUCT_BUNDLE_IDENTIFIER = com.macxtter.CXFramework;
				PRODUCT_NAME = "$(TARGET_NAME)";
				SKIP_INSTALL = YES;
				SWIFT_OPTIMIZATION_LEVEL = "-Onone";
				SWIFT_SWIFT3_OBJC_INFERENCE = On;
				SWIFT_VERSION = 4.2;
			};
			name = Debug;
		};
		142AE6DC1DA9B858006DEC65 /* Release */ = {
			isa = XCBuildConfiguration;
			buildSettings = {
				CLANG_ENABLE_MODULES = YES;
				CODE_SIGN_IDENTITY = "";
				DEFINES_MODULE = YES;
				DEVELOPMENT_TEAM = WTWX7KL654;
				DYLIB_COMPATIBILITY_VERSION = 1;
				DYLIB_CURRENT_VERSION = 1;
				DYLIB_INSTALL_NAME_BASE = "@rpath";
				INFOPLIST_FILE = CXFramework/Info.plist;
				INSTALL_PATH = "$(LOCAL_LIBRARY_DIR)/Frameworks";
				LD_RUNPATH_SEARCH_PATHS = "$(inherited) @executable_path/Frameworks @loader_path/Frameworks";
				PRODUCT_BUNDLE_IDENTIFIER = com.macxtter.CXFramework;
				PRODUCT_NAME = "$(TARGET_NAME)";
				SKIP_INSTALL = YES;
				SWIFT_SWIFT3_OBJC_INFERENCE = On;
				SWIFT_VERSION = 4.2;
			};
			name = Release;
		};
/* End XCBuildConfiguration section */

/* Begin XCConfigurationList section */
		142AE6CC1DA9B858006DEC65 /* Build configuration list for PBXProject "CXFramework" */ = {
			isa = XCConfigurationList;
			buildConfigurations = (
				142AE6D81DA9B858006DEC65 /* Debug */,
				142AE6D91DA9B858006DEC65 /* Release */,
			);
			defaultConfigurationIsVisible = 0;
			defaultConfigurationName = Release;
		};
		142AE6DA1DA9B858006DEC65 /* Build configuration list for PBXNativeTarget "CXFramework" */ = {
			isa = XCConfigurationList;
			buildConfigurations = (
				142AE6DB1DA9B858006DEC65 /* Debug */,
				142AE6DC1DA9B858006DEC65 /* Release */,
			);
			defaultConfigurationIsVisible = 0;
			defaultConfigurationName = Release;
		};
/* End XCConfigurationList section */
	};
	rootObject = 142AE6C91DA9B858006DEC65 /* Project object */;
}
